{
  "nodes": {
    "axctl": {
      "inputs": {
        "nixpkgs": [
          "nixpkgs"
        ]
      },
      "locked": {
        "lastModified": 1773630981,
        "narHash": "sha256-vm6yCYO0FyKqgSwzy47wZoBWC/+7zJpoBViUKVfrbFc=",
        "owner": "Axenide",
        "repo": "axctl",
        "rev": "351ba0dd476d187ebc09ce585d8f42cda2de60f6",
        "type": "github"
      },
      "original": {
        "owner": "Axenide",
        "repo": "axctl",
        "type": "github"
      }
    },
    "nixpkgs": {
      "locked": {
        "lastModified": 1773646010,
        "narHash": "sha256-iYrs97hS7p5u4lQzuNWzuALGIOdkPXvjz7bviiBjUu8=",
        "owner": "NixOS",
        "repo": "nixpkgs",
        "rev": "5b2c2d84341b2afb5647081c1386a80d7a8d8605",
        "type": "github"
      },
      "original": {
        "id": "nixpkgs",
        "ref": "nixos-unstable",
        "type": "indirect"
      }
    },
    "quickshell": {
      "inputs": {
        "nixpkgs": [
          "nixpkgs"
        ]
      },
      "locked": {
        "lastModified": 1773648506,
        "narHash": "sha256-uVdqQIOzmMcHy1bUyF5NdZ3T5f1/5OVSNx3nIoXV6Os=",
        "ref": "refs/heads/master",
        "rev": "6705e2da778d216e81dbdc3764a3f50e89bfd87d",
        "revCount": 761,
        "type": "git",
        "url": "https://git.outfoxxed.me/outfoxxed/quickshell"
      },
      "original": {
        "type": "git",
        "url": "https://git.outfoxxed.me/outfoxxed/quickshell"
      }
    },
    "root": {
      "inputs": {
        "axctl": "axctl",
        "nixpkgs": "nixpkgs",
        "quickshell": "quickshell"
      }
    }
  },
  "root": "root",
  "version": 7
}
